// !$*UTF8*$!
{
	archiveVersion = 1;
	classes = {
	};
	objectVersion = 46;
	objects = {

/* Begin PBXBuildFile section */
		65227AB418528FAC0012B980 /* InfoViewController.m in Sources */ = {isa = PBXBuildFile; fileRef = 65227AB318528FAC0012B980 /* InfoViewController.m */; };
		65BE9B0418569CE9005684EC /* DataModel.m in Sources */ = {isa = PBXBuildFile; fileRef = 65BE9B0318569CE9005684EC /* DataModel.m */; };
		65F49E03184A501F007D8E8F /* Foundation.framework in Frameworks */ = {isa = PBXBuildFile; fileRef = 65F49E02184A501F007D8E8F /* Foundation.framework */; };
		65F49E05184A501F007D8E8F /* CoreGraphics.framework in Frameworks */ = {isa = PBXBuildFile; fileRef = 65F49E04184A501F007D8E8F /* CoreGraphics.framework */; };
		65F49E07184A501F007D8E8F /* UIKit.framework in Frameworks */ = {isa = PBXBuildFile; fileRef = 65F49E06184A501F007D8E8F /* UIKit.framework */; };
		65F49E0D184A501F007D8E8F /* InfoPlist.strings in Resources */ = {isa = PBXBuildFile; fileRef = 65F49E0B184A501F007D8E8F /* InfoPlist.strings */; };
		65F49E0F184A501F007D8E8F /* main.m in Sources */ = {isa = PBXBuildFile; fileRef = 65F49E0E184A501F007D8E8F /* main.m */; };
		65F49E13184A501F007D8E8F /* AppDelegate.m in Sources */ = {isa = PBXBuildFile; fileRef = 65F49E12184A501F007D8E8F /* AppDelegate.m */; };
		65F49E16184A501F007D8E8F /* Main_iPhone.storyboard in Resources */ = {isa = PBXBuildFile; fileRef = 65F49E14184A501F007D8E8F /* Main_iPhone.storyboard */; };
		65F49E19184A501F007D8E8F /* Main_iPad.storyboard in Resources */ = {isa = PBXBuildFile; fileRef = 65F49E17184A501F007D8E8F /* Main_iPad.storyboard */; };
		65F49E1C184A501F007D8E8F /* ViewController.m in Sources */ = {isa = PBXBuildFile; fileRef = 65F49E1B184A501F007D8E8F /* ViewController.m */; };
		65F49E1E184A501F007D8E8F /* Images.xcassets in Resources */ = {isa = PBXBuildFile; fileRef = 65F49E1D184A501F007D8E8F /* Images.xcassets */; };
		65F49E25184A501F007D8E8F /* XCTest.framework in Frameworks */ = {isa = PBXBuildFile; fileRef = 65F49E24184A501F007D8E8F /* XCTest.framework */; };
		65F49E26184A501F007D8E8F /* Foundation.framework in Frameworks */ = {isa = PBXBuildFile; fileRef = 65F49E02184A501F007D8E8F /* Foundation.framework */; };
		65F49E27184A501F007D8E8F /* UIKit.framework in Frameworks */ = {isa = PBXBuildFile; fileRef = 65F49E06184A501F007D8E8F /* UIKit.framework */; };
		65F49E2F184A501F007D8E8F /* InfoPlist.strings in Resources */ = {isa = PBXBuildFile; fileRef = 65F49E2D184A501F007D8E8F /* InfoPlist.strings */; };
		65F49E31184A501F007D8E8F /* ReflexTests.m in Sources */ = {isa = PBXBuildFile; fileRef = 65F49E30184A501F007D8E8F /* ReflexTests.m */; };
		65F49E3B184A5408007D8E8F /* CoreBluetooth.framework in Frameworks */ = {isa = PBXBuildFile; fileRef = 65F49E3A184A5408007D8E8F /* CoreBluetooth.framework */; };
		65F49E3E184A5524007D8E8F /* LQRModel.m in Sources */ = {isa = PBXBuildFile; fileRef = 65F49E3D184A5524007D8E8F /* LQRModel.m */; };
/* End PBXBuildFile section */

/* Begin PBXContainerItemProxy section */
		65F49E28184A501F007D8E8F /* PBXContainerItemProxy */ = {
			isa = PBXContainerItemProxy;
			containerPortal = 65F49DF7184A501F007D8E8F /* Project object */;
			proxyType = 1;
			remoteGlobalIDString = 65F49DFE184A501F007D8E8F;
			remoteInfo = Reflex;
		};
/* End PBXContainerItemProxy section */

/* Begin PBXFileReference section */
		65227AB218528FAC0012B980 /* InfoViewController.h */ = {isa = PBXFileReference; fileEncoding = 4; lastKnownFileType = sourcecode.c.h; path = InfoViewController.h; sourceTree = "<group>"; };
		65227AB318528FAC0012B980 /* InfoViewController.m */ = {isa = PBXFileReference; fileEncoding = 4; lastKnownFileType = sourcecode.c.objc; path = InfoViewController.m; sourceTree = "<group>"; };
		65BE9B0218569CE9005684EC /* DataModel.h */ = {isa = PBXFileReference; fileEncoding = 4; lastKnownFileType = sourcecode.c.h; path = DataModel.h; sourceTree = "<group>"; };
		65BE9B0318569CE9005684EC /* DataModel.m */ = {isa = PBXFileReference; fileEncoding = 4; lastKnownFileType = sourcecode.c.objc; path = DataModel.m; sourceTree = "<group>"; };
		65F49DFF184A501F007D8E8F /* Reflex.app */ = {isa = PBXFileReference; explicitFileType = wrapper.application; includeInIndex = 0; path = Reflex.app; sourceTree = BUILT_PRODUCTS_DIR; };
		65F49E02184A501F007D8E8F /* Foundation.framework */ = {isa = PBXFileReference; lastKnownFileType = wrapper.framework; name = Foundation.framework; path = System/Library/Frameworks/Foundation.framework; sourceTree = SDKROOT; };
		65F49E04184A501F007D8E8F /* CoreGraphics.framework */ = {isa = PBXFileReference; lastKnownFileType = wrapper.framework; name = CoreGraphics.framework; path = System/Library/Frameworks/CoreGraphics.framework; sourceTree = SDKROOT; };
		65F49E06184A501F007D8E8F /* UIKit.framework */ = {isa = PBXFileReference; lastKnownFileType = wrapper.framework; name = UIKit.framework; path = System/Library/Frameworks/UIKit.framework; sourceTree = SDKROOT; };
		65F49E0A184A501F007D8E8F /* Reflex-Info.plist */ = {isa = PBXFileReference; lastKnownFileType = text.plist.xml; path = "Reflex-Info.plist"; sourceTree = "<group>"; };
		65F49E0C184A501F007D8E8F /* en */ = {isa = PBXFileReference; lastKnownFileType = text.plist.strings; name = en; path = en.lproj/InfoPlist.strings; sourceTree = "<group>"; };
		65F49E0E184A501F007D8E8F /* main.m */ = {isa = PBXFileReference; lastKnownFileType = sourcecode.c.objc; path = main.m; sourceTree = "<group>"; };
		65F49E10184A501F007D8E8F /* Reflex-Prefix.pch */ = {isa = PBXFileReference; lastKnownFileType = sourcecode.c.h; path = "Reflex-Prefix.pch"; sourceTree = "<group>"; };
		65F49E11184A501F007D8E8F /* AppDelegate.h */ = {isa = PBXFileReference; lastKnownFileType = sourcecode.c.h; path = AppDelegate.h; sourceTree = "<group>"; };
		65F49E12184A501F007D8E8F /* AppDelegate.m */ = {isa = PBXFileReference; lastKnownFileType = sourcecode.c.objc; path = AppDelegate.m; sourceTree = "<group>"; };
		65F49E15184A501F007D8E8F /* Base */ = {isa = PBXFileReference; lastKnownFileType = file.storyboard; name = Base; path = Base.lproj/Main_iPhone.storyboard; sourceTree = "<group>"; };
		65F49E18184A501F007D8E8F /* Base */ = {isa = PBXFileReference; lastKnownFileType = file.storyboard; name = Base; path = Base.lproj/Main_iPad.storyboard; sourceTree = "<group>"; };
		65F49E1A184A501F007D8E8F /* ViewController.h */ = {isa = PBXFileReference; lastKnownFileType = sourcecode.c.h; path = ViewController.h; sourceTree = "<group>"; };
		65F49E1B184A501F007D8E8F /* ViewController.m */ = {isa = PBXFileReference; lastKnownFileType = sourcecode.c.objc; path = ViewController.m; sourceTree = "<group>"; };
		65F49E1D184A501F007D8E8F /* Images.xcassets */ = {isa = PBXFileReference; lastKnownFileType = folder.assetcatalog; path = Images.xcassets; sourceTree = "<group>"; };
		65F49E23184A501F007D8E8F /* ReflexTests.xctest */ = {isa = PBXFileReference; explicitFileType = wrapper.cfbundle; includeInIndex = 0; path = ReflexTests.xctest; sourceTree = BUILT_PRODUCTS_DIR; };
		65F49E24184A501F007D8E8F /* XCTest.framework */ = {isa = PBXFileReference; lastKnownFileType = wrapper.framework; name = XCTest.framework; path = Library/Frameworks/XCTest.framework; sourceTree = DEVELOPER_DIR; };
		65F49E2C184A501F007D8E8F /* ReflexTests-Info.plist */ = {isa = PBXFileReference; lastKnownFileType = text.plist.xml; path = "ReflexTests-Info.plist"; sourceTree = "<group>"; };
		65F49E2E184A501F007D8E8F /* en */ = {isa = PBXFileReference; lastKnownFileType = text.plist.strings; name = en; path = en.lproj/InfoPlist.strings; sourceTree = "<group>"; };
		65F49E30184A501F007D8E8F /* ReflexTests.m */ = {isa = PBXFileReference; lastKnownFileType = sourcecode.c.objc; path = ReflexTests.m; sourceTree = "<group>"; };
		65F49E3A184A5408007D8E8F /* CoreBluetooth.framework */ = {isa = PBXFileReference; lastKnownFileType = wrapper.framework; name = CoreBluetooth.framework; path = System/Library/Frameworks/CoreBluetooth.framework; sourceTree = SDKROOT; };
		65F49E3C184A5524007D8E8F /* LQRModel.h */ = {isa = PBXFileReference; fileEncoding = 4; lastKnownFileType = sourcecode.c.h; path = LQRModel.h; sourceTree = "<group>"; };
		65F49E3D184A5524007D8E8F /* LQRModel.m */ = {isa = PBXFileReference; fileEncoding = 4; lastKnownFileType = sourcecode.c.objc; path = LQRModel.m; sourceTree = "<group>"; };
/* End PBXFileReference section */

/* Begin PBXFrameworksBuildPhase section */
		65F49DFC184A501F007D8E8F /* Frameworks */ = {
			isa = PBXFrameworksBuildPhase;
			buildActionMask = 2147483647;
			files = (
				65F49E3B184A5408007D8E8F /* CoreBluetooth.framework in Frameworks */,
				65F49E05184A501F007D8E8F /* CoreGraphics.framework in Frameworks */,
				65F49E07184A501F007D8E8F /* UIKit.framework in Frameworks */,
				65F49E03184A501F007D8E8F /* Foundation.framework in Frameworks */,
			);
			runOnlyForDeploymentPostprocessing = 0;
		};
		65F49E20184A501F007D8E8F /* Frameworks */ = {
			isa = PBXFrameworksBuildPhase;
			buildActionMask = 2147483647;
			files = (
				65F49E25184A501F007D8E8F /* XCTest.framework in Frameworks */,
				65F49E27184A501F007D8E8F /* UIKit.framework in Frameworks */,
				65F49E26184A501F007D8E8F /* Foundation.framework in Frameworks */,
			);
			runOnlyForDeploymentPostprocessing = 0;
		};
/* End PBXFrameworksBuildPhase section */

/* Begin PBXGroup section */
		65F49DF6184A501F007D8E8F = {
			isa = PBXGroup;
			children = (
				65F49E08184A501F007D8E8F /* Reflex */,
				65F49E2A184A501F007D8E8F /* ReflexTests */,
				65F49E01184A501F007D8E8F /* Frameworks */,
				65F49E00184A501F007D8E8F /* Products */,
			);
			sourceTree = "<group>";
		};
		65F49E00184A501F007D8E8F /* Products */ = {
			isa = PBXGroup;
			children = (
				65F49DFF184A501F007D8E8F /* Reflex.app */,
				65F49E23184A501F007D8E8F /* ReflexTests.xctest */,
			);
			name = Products;
			sourceTree = "<group>";
		};
		65F49E01184A501F007D8E8F /* Frameworks */ = {
			isa = PBXGroup;
			children = (
				65F49E3A184A5408007D8E8F /* CoreBluetooth.framework */,
				65F49E02184A501F007D8E8F /* Foundation.framework */,
				65F49E04184A501F007D8E8F /* CoreGraphics.framework */,
				65F49E06184A501F007D8E8F /* UIKit.framework */,
				65F49E24184A501F007D8E8F /* XCTest.framework */,
			);
			name = Frameworks;
			sourceTree = "<group>";
		};
		65F49E08184A501F007D8E8F /* Reflex */ = {
			isa = PBXGroup;
			children = (
				65F49E11184A501F007D8E8F /* AppDelegate.h */,
				65F49E12184A501F007D8E8F /* AppDelegate.m */,
				65F49E14184A501F007D8E8F /* Main_iPhone.storyboard */,
				65F49E17184A501F007D8E8F /* Main_iPad.storyboard */,
				65F49E1A184A501F007D8E8F /* ViewController.h */,
				65F49E1B184A501F007D8E8F /* ViewController.m */,
				65227AB218528FAC0012B980 /* InfoViewController.h */,
				65227AB318528FAC0012B980 /* InfoViewController.m */,
				65F49E3C184A5524007D8E8F /* LQRModel.h */,
				65F49E3D184A5524007D8E8F /* LQRModel.m */,
				65BE9B0218569CE9005684EC /* DataModel.h */,
				65BE9B0318569CE9005684EC /* DataModel.m */,
				65F49E1D184A501F007D8E8F /* Images.xcassets */,
				65F49E09184A501F007D8E8F /* Supporting Files */,
			);
			path = Reflex;
			sourceTree = "<group>";
		};
		65F49E09184A501F007D8E8F /* Supporting Files */ = {
			isa = PBXGroup;
			children = (
				65F49E0A184A501F007D8E8F /* Reflex-Info.plist */,
				65F49E0B184A501F007D8E8F /* InfoPlist.strings */,
				65F49E0E184A501F007D8E8F /* main.m */,
				65F49E10184A501F007D8E8F /* Reflex-Prefix.pch */,
			);
			name = "Supporting Files";
			sourceTree = "<group>";
		};
		65F49E2A184A501F007D8E8F /* ReflexTests */ = {
			isa = PBXGroup;
			children = (
				65F49E30184A501F007D8E8F /* ReflexTests.m */,
				65F49E2B184A501F007D8E8F /* Supporting Files */,
			);
			path = ReflexTests;
			sourceTree = "<group>";
		};
		65F49E2B184A501F007D8E8F /* Supporting Files */ = {
			isa = PBXGroup;
			children = (
				65F49E2C184A501F007D8E8F /* ReflexTests-Info.plist */,
				65F49E2D184A501F007D8E8F /* InfoPlist.strings */,
			);
			name = "Supporting Files";
			sourceTree = "<group>";
		};
/* End PBXGroup section */

/* Begin PBXNativeTarget section */
		65F49DFE184A501F007D8E8F /* Reflex */ = {
			isa = PBXNativeTarget;
			buildConfigurationList = 65F49E34184A501F007D8E8F /* Build configuration list for PBXNativeTarget "Reflex" */;
			buildPhases = (
				65F49DFB184A501F007D8E8F /* Sources */,
				65F49DFC184A501F007D8E8F /* Frameworks */,
				65F49DFD184A501F007D8E8F /* Resources */,
			);
			buildRules = (
			);
			dependencies = (
			);
			name = Reflex;
			productName = Reflex;
			productReference = 65F49DFF184A501F007D8E8F /* Reflex.app */;
			productType = "com.apple.product-type.application";
		};
		65F49E22184A501F007D8E8F /* ReflexTests */ = {
			isa = PBXNativeTarget;
			buildConfigurationList = 65F49E37184A501F007D8E8F /* Build configuration list for PBXNativeTarget "ReflexTests" */;
			buildPhases = (
				65F49E1F184A501F007D8E8F /* Sources */,
				65F49E20184A501F007D8E8F /* Frameworks */,
				65F49E21184A501F007D8E8F /* Resources */,
			);
			buildRules = (
			);
			dependencies = (
				65F49E29184A501F007D8E8F /* PBXTargetDependency */,
			);
			name = ReflexTests;
			productName = ReflexTests;
			productReference = 65F49E23184A501F007D8E8F /* ReflexTests.xctest */;
			productType = "com.apple.product-type.bundle.unit-test";
		};
/* End PBXNativeTarget section */

/* Begin PBXProject section */
		65F49DF7184A501F007D8E8F /* Project object */ = {
			isa = PBXProject;
			attributes = {
				LastUpgradeCheck = 0500;
				ORGANIZATIONNAME = "Andre Crabb";
				TargetAttributes = {
					65F49E22184A501F007D8E8F = {
						TestTargetID = 65F49DFE184A501F007D8E8F;
					};
				};
			};
			buildConfigurationList = 65F49DFA184A501F007D8E8F /* Build configuration list for PBXProject "Reflex" */;
			compatibilityVersion = "Xcode 3.2";
			developmentRegion = English;
			hasScannedForEncodings = 0;
			knownRegions = (
				en,
				Base,
			);
			mainGroup = 65F49DF6184A501F007D8E8F;
			productRefGroup = 65F49E00184A501F007D8E8F /* Products */;
			projectDirPath = "";
			projectRoot = "";
			targets = (
				65F49DFE184A501F007D8E8F /* Reflex */,
				65F49E22184A501F007D8E8F /* ReflexTests */,
			);
		};
/* End PBXProject section */

/* Begin PBXResourcesBuildPhase section */
		65F49DFD184A501F007D8E8F /* Resources */ = {
			isa = PBXResourcesBuildPhase;
			buildActionMask = 2147483647;
			files = (
				65F49E19184A501F007D8E8F /* Main_iPad.storyboard in Resources */,
				65F49E1E184A501F007D8E8F /* Images.xcassets in Resources */,
				65F49E16184A501F007D8E8F /* Main_iPhone.storyboard in Resources */,
				65F49E0D184A501F007D8E8F /* InfoPlist.strings in Resources */,
			);
			runOnlyForDeploymentPostprocessing = 0;
		};
		65F49E21184A501F007D8E8F /* Resources */ = {
			isa = PBXResourcesBuildPhase;
			buildActionMask = 2147483647;
			files = (
				65F49E2F184A501F007D8E8F /* InfoPlist.strings in Resources */,
			);
			runOnlyForDeploymentPostprocessing = 0;
		};
/* End PBXResourcesBuildPhase section */

/* Begin PBXSourcesBuildPhase section */
		65F49DFB184A501F007D8E8F /* Sources */ = {
			isa = PBXSourcesBuildPhase;
			buildActionMask = 2147483647;
			files = (
				65F49E1C184A501F007D8E8F /* ViewController.m in Sources */,
				65F49E3E184A5524007D8E8F /* LQRModel.m in Sources */,
				65F49E13184A501F007D8E8F /* AppDelegate.m in Sources */,
				65227AB418528FAC0012B980 /* InfoViewController.m in Sources */,
				65F49E0F184A501F007D8E8F /* main.m in Sources */,
				65BE9B0418569CE9005684EC /* DataModel.m in Sources */,
			);
			runOnlyForDeploymentPostprocessing = 0;
		};
		65F49E1F184A501F007D8E8F /* Sources */ = {
			isa = PBXSourcesBuildPhase;
			buildActionMask = 2147483647;
			files = (
				65F49E31184A501F007D8E8F /* ReflexTests.m in Sources */,
			);
			runOnlyForDeploymentPostprocessing = 0;
		};
/* End PBXSourcesBuildPhase section */

/* Begin PBXTargetDependency section */
		65F49E29184A501F007D8E8F /* PBXTargetDependency */ = {
			isa = PBXTargetDependency;
			target = 65F49DFE184A501F007D8E8F /* Reflex */;
			targetProxy = 65F49E28184A501F007D8E8F /* PBXContainerItemProxy */;
		};
/* End PBXTargetDependency section */

/* Begin PBXVariantGroup section */
		65F49E0B184A501F007D8E8F /* InfoPlist.strings */ = {
			isa = PBXVariantGroup;
			children = (
				65F49E0C184A501F007D8E8F /* en */,
			);
			name = InfoPlist.strings;
			sourceTree = "<group>";
		};
		65F49E14184A501F007D8E8F /* Main_iPhone.storyboard */ = {
			isa = PBXVariantGroup;
			children = (
				65F49E15184A501F007D8E8F /* Base */,
			);
			name = Main_iPhone.storyboard;
			sourceTree = "<group>";
		};
		65F49E17184A501F007D8E8F /* Main_iPad.storyboard */ = {
			isa = PBXVariantGroup;
			children = (
				65F49E18184A501F007D8E8F /* Base */,
			);
			name = Main_iPad.storyboard;
			sourceTree = "<group>";
		};
		65F49E2D184A501F007D8E8F /* InfoPlist.strings */ = {
			isa = PBXVariantGroup;
			children = (
				65F49E2E184A501F007D8E8F /* en */,
			);
			name = InfoPlist.strings;
			sourceTree = "<group>";
		};
/* End PBXVariantGroup section */

/* Begin XCBuildConfiguration section */
		65F49E32184A501F007D8E8F /* Debug */ = {
			isa = XCBuildConfiguration;
			buildSettings = {
				ALWAYS_SEARCH_USER_PATHS = NO;
				ARCHS = "$(ARCHS_STANDARD_INCLUDING_64_BIT)";
				CLANG_CXX_LANGUAGE_STANDARD = "gnu++0x";
				CLANG_CXX_LIBRARY = "libc++";
				CLANG_ENABLE_MODULES = YES;
				CLANG_ENABLE_OBJC_ARC = YES;
				CLANG_WARN_BOOL_CONVERSION = YES;
				CLANG_WARN_CONSTANT_CONVERSION = YES;
				CLANG_WARN_DIRECT_OBJC_ISA_USAGE = YES_ERROR;
				CLANG_WARN_EMPTY_BODY = YES;
				CLANG_WARN_ENUM_CONVERSION = YES;
				CLANG_WARN_INT_CONVERSION = YES;
				CLANG_WARN_OBJC_ROOT_CLASS = YES_ERROR;
				CLANG_WARN__DUPLICATE_METHOD_MATCH = YES;
				"CODE_SIGN_IDENTITY[sdk=iphoneos*]" = "iPhone Developer";
				COPY_PHASE_STRIP = NO;
				GCC_C_LANGUAGE_STANDARD = gnu99;
				GCC_DYNAMIC_NO_PIC = NO;
				GCC_OPTIMIZATION_LEVEL = 0;
				GCC_PREPROCESSOR_DEFINITIONS = (
					"DEBUG=1",
					"$(inherited)",
				);
				GCC_SYMBOLS_PRIVATE_EXTERN = NO;
				GCC_WARN_64_TO_32_BIT_CONVERSION = YES;
				GCC_WARN_ABOUT_RETURN_TYPE = YES_ERROR;
				GCC_WARN_UNDECLARED_SELECTOR = YES;
				GCC_WARN_UNINITIALIZED_AUTOS = YES;
				GCC_WARN_UNUSED_FUNCTION = YES;
				GCC_WARN_UNUSED_VARIABLE = YES;
				IPHONEOS_DEPLOYMENT_TARGET = 7.0;
				ONLY_ACTIVE_ARCH = YES;
				SDKROOT = iphoneos;
				TARGETED_DEVICE_FAMILY = "1,2";
			};
			name = Debug;
		};
		65F49E33184A501F007D8E8F /* Release */ = {
			isa = XCBuildConfiguration;
			buildSettings = {
				ALWAYS_SEARCH_USER_PATHS = NO;
				ARCHS = "$(ARCHS_STANDARD_INCLUDING_64_BIT)";
				CLANG_CXX_LANGUAGE_STANDARD = "gnu++0x";
				CLANG_CXX_LIBRARY = "libc++";
				CLANG_ENABLE_MODULES = YES;
				CLANG_ENABLE_OBJC_ARC = YES;
				CLANG_WARN_BOOL_CONVERSION = YES;
				CLANG_WARN_CONSTANT_CONVERSION = YES;
				CLANG_WARN_DIRECT_OBJC_ISA_USAGE = YES_ERROR;
				CLANG_WARN_EMPTY_BODY = YES;
				CLANG_WARN_ENUM_CONVERSION = YES;
				CLANG_WARN_INT_CONVERSION = YES;
				CLANG_WARN_OBJC_ROOT_CLASS = YES_ERROR;
				CLANG_WARN__DUPLICATE_METHOD_MATCH = YES;
				"CODE_SIGN_IDENTITY[sdk=iphoneos*]" = "iPhone Developer";
				COPY_PHASE_STRIP = YES;
				ENABLE_NS_ASSERTIONS = NO;
				GCC_C_LANGUAGE_STANDARD = gnu99;
				GCC_WARN_64_TO_32_BIT_CONVERSION = YES;
				GCC_WARN_ABOUT_RETURN_TYPE = YES_ERROR;
				GCC_WARN_UNDECLARED_SELECTOR = YES;
				GCC_WARN_UNINITIALIZED_AUTOS = YES;
				GCC_WARN_UNUSED_FUNCTION = YES;
				GCC_WARN_UNUSED_VARIABLE = YES;
				IPHONEOS_DEPLOYMENT_TARGET = 7.0;
				SDKROOT = iphoneos;
				TARGETED_DEVICE_FAMILY = "1,2";
				VALIDATE_PRODUCT = YES;
			};
			name = Release;
		};
		65F49E35184A501F007D8E8F /* Debug */ = {
			isa = XCBuildConfiguration;
			buildSettings = {
				ASSETCATALOG_COMPILER_APPICON_NAME = AppIcon;
				ASSETCATALOG_COMPILER_LAUNCHIMAGE_NAME = LaunchImage;
				CODE_SIGN_IDENTITY = "iPhone Developer";
				"CODE_SIGN_IDENTITY[sdk=iphoneos*]" = "iPhone Developer";
				GCC_PRECOMPILE_PREFIX_HEADER = YES;
				GCC_PREFIX_HEADER = "Reflex/Reflex-Prefix.pch";
				INFOPLIST_FILE = "Reflex/Reflex-Info.plist";
				PRODUCT_NAME = "$(TARGET_NAME)";
				PROVISIONING_PROFILE = "";
				WRAPPER_EXTENSION = app;
			};
			name = Debug;
		};
		65F49E36184A501F007D8E8F /* Release */ = {
			isa = XCBuildConfiguration;
			buildSettings = {
				ASSETCATALOG_COMPILER_APPICON_NAME = AppIcon;
				ASSETCATALOG_COMPILER_LAUNCHIMAGE_NAME = LaunchImage;
				CODE_SIGN_IDENTITY = "iPhone Developer";
				"CODE_SIGN_IDENTITY[sdk=iphoneos*]" = "iPhone Developer";
				GCC_PRECOMPILE_PREFIX_HEADER = YES;
				GCC_PREFIX_HEADER = "Reflex/Reflex-Prefix.pch";
				INFOPLIST_FILE = "Reflex/Reflex-Info.plist";
				PRODUCT_NAME = "$(TARGET_NAME)";
				PROVISIONING_PROFILE = "";
				WRAPPER_EXTENSION = app;
			};
			name = Release;
		};
		65F49E38184A501F007D8E8F /* Debug */ = {
			isa = XCBuildConfiguration;
			buildSettings = {
				ARCHS = "$(ARCHS_STANDARD_INCLUDING_64_BIT)";
				BUNDLE_LOADER = "$(BUILT_PRODUCTS_DIR)/Reflex.app/Reflex";
				FRAMEWORK_SEARCH_PATHS = (
					"$(SDKROOT)/Developer/Library/Frameworks",
					"$(inherited)",
					"$(DEVELOPER_FRAMEWORKS_DIR)",
				);
				GCC_PRECOMPILE_PREFIX_HEADER = YES;
				GCC_PREFIX_HEADER = "Reflex/Reflex-Prefix.pch";
				GCC_PREPROCESSOR_DEFINITIONS = (
					"DEBUG=1",
					"$(inherited)",
				);
				INFOPLIST_FILE = "ReflexTests/ReflexTests-Info.plist";
				PRODUCT_NAME = "$(TARGET_NAME)";
				TEST_HOST = "$(BUNDLE_LOADER)";
				WRAPPER_EXTENSION = xctest;
			};
			name = Debug;
		};
		65F49E39184A501F007D8E8F /* Release */ = {
			isa = XCBuildConfiguration;
			buildSettings = {
				ARCHS = "$(ARCHS_STANDARD_INCLUDING_64_BIT)";
				BUNDLE_LOADER = "$(BUILT_PRODUCTS_DIR)/Reflex.app/Reflex";
				FRAMEWORK_SEARCH_PATHS = (
					"$(SDKROOT)/Developer/Library/Frameworks",
					"$(inherited)",
					"$(DEVELOPER_FRAMEWORKS_DIR)",
				);
				GCC_PRECOMPILE_PREFIX_HEADER = YES;
				GCC_PREFIX_HEADER = "Reflex/Reflex-Prefix.pch";
				INFOPLIST_FILE = "ReflexTests/ReflexTests-Info.plist";
				PRODUCT_NAME = "$(TARGET_NAME)";
				TEST_HOST = "$(BUNDLE_LOADER)";
				WRAPPER_EXTENSION = xctest;
			};
			name = Release;
		};
/* End XCBuildConfiguration section */

/* Begin XCConfigurationList section */
		65F49DFA184A501F007D8E8F /* Build configuration list for PBXProject "Reflex" */ = {
			isa = XCConfigurationList;
			buildConfigurations = (
				65F49E32184A501F007D8E8F /* Debug */,
				65F49E33184A501F007D8E8F /* Release */,
			);
			defaultConfigurationIsVisible = 0;
			defaultConfigurationName = Release;
		};
		65F49E34184A501F007D8E8F /* Build configuration list for PBXNativeTarget "Reflex" */ = {
			isa = XCConfigurationList;
			buildConfigurations = (
				65F49E35184A501F007D8E8F /* Debug */,
				65F49E36184A501F007D8E8F /* Release */,
			);
			defaultConfigurationIsVisible = 0;
			defaultConfigurationName = Release;
		};
		65F49E37184A501F007D8E8F /* Build configuration list for PBXNativeTarget "ReflexTests" */ = {
			isa = XCConfigurationList;
			buildConfigurations = (
				65F49E38184A501F007D8E8F /* Debug */,
				65F49E39184A501F007D8E8F /* Release */,
			);
			defaultConfigurationIsVisible = 0;
			defaultConfigurationName = Release;
		};
/* End XCConfigurationList section */
	};
	rootObject = 65F49DF7184A501F007D8E8F /* Project object */;
}
